PODS:
  - WBasicLibrary (0.5.8)
  - WVideoPlayer (0.2.4):
    - WBasicLibrary
  - WVideoRecoder (0.1.0):
    - WVideoPlayer

DEPENDENCIES:
  - WVideoRecoder (from `../`)

SPEC REPOS:
  https://github.com/cocoapods/specs.git:
    - WBasicLibrary
    - WVideoPlayer

EXTERNAL SOURCES:
  WVideoRecoder:
    :path: "../"

SPEC CHECKSUMS:
  WBasicLibrary: 1d532bf36026539525564ad26856b7efdaa14c01
  WVideoPlayer: edb30310295645ba6cbbb2ffa9b8e2acfb949686
  WVideoRecoder: 92c01e719d8ecac6e1e038a91d734e16a937d35e

PODFILE CHECKSUM: 34b1409cea54afe8d5053b833ae021b03d203009

COCOAPODS: 1.5.3
