PODS:
  - WVideoPlayer (0.2.2)
  - WVideoRecoder (0.1.0)

DEPENDENCIES:
  - WVideoPlayer
  - WVideoRecoder (from `../`)

SPEC REPOS:
  https://github.com/cocoapods/specs.git:
    - WVideoPlayer

EXTERNAL SOURCES:
  WVideoRecoder:
    :path: "../"

SPEC CHECKSUMS:
  WVideoPlayer: 23cb1c75d10042917fa91d6c72337fddc2d850f3
  WVideoRecoder: 048d2bc568866aca409ca4ab410c2e10cde54858

PODFILE CHECKSUM: 379b738c02199bb74505414241a2fc048ef1950f

COCOAPODS: 1.5.3
